
Microsoft Visual Studio Solution File, Format Version 11.00
# Visual Studio 2010
Project("{FAE04EC0-301F-11D3-BF4B-00C04F79EFBC}") = "Extensionista", "Extensionista\Extensionista.csproj", "{0A20A75A-C4FE-4F6A-96FF-C37F4AAA9E27}"
EndProject
Project("{FAE04EC0-301F-11D3-BF4B-00C04F79EFBC}") = "Extensionista.TestCases", "Extensionista.TestCases\Extensionista.TestCases.csproj", "{D3820F94-3B60-4420-B585-78E7246BB1C9}"
EndProject
Project("{FAE04EC0-301F-11D3-BF4B-00C04F79EFBC}") = "Extensionista.UnitTests", "Extensionista.UnitTests\Extensionista.UnitTests.csproj", "{8848F535-9886-4753-A8F0-9E1B96222432}"
EndProject
Project("{FAE04EC0-301F-11D3-BF4B-00C04F79EFBC}") = "ServiceExtTester", "ServiceExtTester\ServiceExtTester.csproj", "{72365F73-3A45-4FEF-A90B-4AFFD9C7D87D}"
EndProject
Project("{2150E333-8FDC-42A3-9474-1A3956D46DE8}") = ".nuget", ".nuget", "{14B27B55-E250-408E-B384-BE83D2499B5F}"
	ProjectSection(SolutionItems) = preProject
		.nuget\NuGet.exe = .nuget\NuGet.exe
		.nuget\NuGet.targets = .nuget\NuGet.targets
	EndProjectSection
EndProject
Global
	GlobalSection(SolutionConfigurationPlatforms) = preSolution
		Debug|Any CPU = Debug|Any CPU
		Debug|Mixed Platforms = Debug|Mixed Platforms
		Debug|x86 = Debug|x86
		Release|Any CPU = Release|Any CPU
		Release|Mixed Platforms = Release|Mixed Platforms
		Release|x86 = Release|x86
	EndGlobalSection
	GlobalSection(ProjectConfigurationPlatforms) = postSolution
		{0A20A75A-C4FE-4F6A-96FF-C37F4AAA9E27}.Debug|Any CPU.ActiveCfg = Debug|Any CPU
		{0A20A75A-C4FE-4F6A-96FF-C37F4AAA9E27}.Debug|Any CPU.Build.0 = Debug|Any CPU
		{0A20A75A-C4FE-4F6A-96FF-C37F4AAA9E27}.Debug|Mixed Platforms.ActiveCfg = Debug|Any CPU
		{0A20A75A-C4FE-4F6A-96FF-C37F4AAA9E27}.Debug|Mixed Platforms.Build.0 = Debug|Any CPU
		{0A20A75A-C4FE-4F6A-96FF-C37F4AAA9E27}.Debug|x86.ActiveCfg = Debug|Any CPU
		{0A20A75A-C4FE-4F6A-96FF-C37F4AAA9E27}.Release|Any CPU.ActiveCfg = Release|Any CPU
		{0A20A75A-C4FE-4F6A-96FF-C37F4AAA9E27}.Release|Any CPU.Build.0 = Release|Any CPU
		{0A20A75A-C4FE-4F6A-96FF-C37F4AAA9E27}.Release|Mixed Platforms.ActiveCfg = Release|Any CPU
		{0A20A75A-C4FE-4F6A-96FF-C37F4AAA9E27}.Release|Mixed Platforms.Build.0 = Release|Any CPU
		{0A20A75A-C4FE-4F6A-96FF-C37F4AAA9E27}.Release|x86.ActiveCfg = Release|Any CPU
		{D3820F94-3B60-4420-B585-78E7246BB1C9}.Debug|Any CPU.ActiveCfg = Debug|Any CPU
		{D3820F94-3B60-4420-B585-78E7246BB1C9}.Debug|Any CPU.Build.0 = Debug|Any CPU
		{D3820F94-3B60-4420-B585-78E7246BB1C9}.Debug|Mixed Platforms.ActiveCfg = Debug|Any CPU
		{D3820F94-3B60-4420-B585-78E7246BB1C9}.Debug|Mixed Platforms.Build.0 = Debug|Any CPU
		{D3820F94-3B60-4420-B585-78E7246BB1C9}.Debug|x86.ActiveCfg = Debug|Any CPU
		{D3820F94-3B60-4420-B585-78E7246BB1C9}.Release|Any CPU.ActiveCfg = Release|Any CPU
		{D3820F94-3B60-4420-B585-78E7246BB1C9}.Release|Any CPU.Build.0 = Release|Any CPU
		{D3820F94-3B60-4420-B585-78E7246BB1C9}.Release|Mixed Platforms.ActiveCfg = Release|Any CPU
		{D3820F94-3B60-4420-B585-78E7246BB1C9}.Release|Mixed Platforms.Build.0 = Release|Any CPU
		{D3820F94-3B60-4420-B585-78E7246BB1C9}.Release|x86.ActiveCfg = Release|Any CPU
		{8848F535-9886-4753-A8F0-9E1B96222432}.Debug|Any CPU.ActiveCfg = Debug|Any CPU
		{8848F535-9886-4753-A8F0-9E1B96222432}.Debug|Any CPU.Build.0 = Debug|Any CPU
		{8848F535-9886-4753-A8F0-9E1B96222432}.Debug|Mixed Platforms.ActiveCfg = Debug|Any CPU
		{8848F535-9886-4753-A8F0-9E1B96222432}.Debug|Mixed Platforms.Build.0 = Debug|Any CPU
		{8848F535-9886-4753-A8F0-9E1B96222432}.Debug|x86.ActiveCfg = Debug|x86
		{8848F535-9886-4753-A8F0-9E1B96222432}.Debug|x86.Build.0 = Debug|x86
		{8848F535-9886-4753-A8F0-9E1B96222432}.Release|Any CPU.ActiveCfg = Release|Any CPU
		{8848F535-9886-4753-A8F0-9E1B96222432}.Release|Any CPU.Build.0 = Release|Any CPU
		{8848F535-9886-4753-A8F0-9E1B96222432}.Release|Mixed Platforms.ActiveCfg = Release|x86
		{8848F535-9886-4753-A8F0-9E1B96222432}.Release|Mixed Platforms.Build.0 = Release|x86
		{8848F535-9886-4753-A8F0-9E1B96222432}.Release|x86.ActiveCfg = Release|x86
		{8848F535-9886-4753-A8F0-9E1B96222432}.Release|x86.Build.0 = Release|x86
		{72365F73-3A45-4FEF-A90B-4AFFD9C7D87D}.Debug|Any CPU.ActiveCfg = Debug|x86
		{72365F73-3A45-4FEF-A90B-4AFFD9C7D87D}.Debug|Mixed Platforms.ActiveCfg = Debug|x86
		{72365F73-3A45-4FEF-A90B-4AFFD9C7D87D}.Debug|Mixed Platforms.Build.0 = Debug|x86
		{72365F73-3A45-4FEF-A90B-4AFFD9C7D87D}.Debug|x86.ActiveCfg = Debug|x86
		{72365F73-3A45-4FEF-A90B-4AFFD9C7D87D}.Debug|x86.Build.0 = Debug|x86
		{72365F73-3A45-4FEF-A90B-4AFFD9C7D87D}.Release|Any CPU.ActiveCfg = Release|x86
		{72365F73-3A45-4FEF-A90B-4AFFD9C7D87D}.Release|Mixed Platforms.ActiveCfg = Release|x86
		{72365F73-3A45-4FEF-A90B-4AFFD9C7D87D}.Release|Mixed Platforms.Build.0 = Release|x86
		{72365F73-3A45-4FEF-A90B-4AFFD9C7D87D}.Release|x86.ActiveCfg = Release|x86
		{72365F73-3A45-4FEF-A90B-4AFFD9C7D87D}.Release|x86.Build.0 = Release|x86
	EndGlobalSection
	GlobalSection(SolutionProperties) = preSolution
		HideSolutionNode = FALSE
	EndGlobalSection
EndGlobal
